
Microsoft Visual Studio Solution File, Format Version 12.00
# Visual Studio Version 16
VisualStudioVersion = 16.0.32126.315
MinimumVisualStudioVersion = 10.0.40219.1
Project("{FAE04EC0-301F-11D3-BF4B-00C04F79EFBC}") = "Day01_QuanLySinhVien", "Day01_QuanLySinhVien\Day01_QuanLySinhVien.csproj", "{98D089B9-FEAE-46BC-B911-6E3999C1F406}"
EndProject
Global
	GlobalSection(SolutionConfigurationPlatforms) = preSolution
		Debug|Any CPU = Debug|Any CPU
		Release|Any CPU = Release|Any CPU
	EndGlobalSection
	GlobalSection(ProjectConfigurationPlatforms) = postSolution
		{98D089B9-FEAE-46BC-B911-6E3999C1F406}.Debug|Any CPU.ActiveCfg = Debug|Any CPU
		{98D089B9-FEAE-46BC-B911-6E3999C1F406}.Debug|Any CPU.Build.0 = Debug|Any CPU
		{98D089B9-FEAE-46BC-B911-6E3999C1F406}.Release|Any CPU.ActiveCfg = Release|Any CPU
		{98D089B9-FEAE-46BC-B911-6E3999C1F406}.Release|Any CPU.Build.0 = Release|Any CPU
	EndGlobalSection
	GlobalSection(SolutionProperties) = preSolution
		HideSolutionNode = FALSE
	EndGlobalSection
	GlobalSection(ExtensibilityGlobals) = postSolution
		SolutionGuid = {CE24C1F9-0231-42FE-92F8-C4A140184B81}
	EndGlobalSection
EndGlobal
